{
  "requires": true,
  "lockfileVersion": 1,
  "dependencies": {
    "angular-calendar": {
      "version": "0.26.4",
      "resolved": "https://registry.npmjs.org/angular-calendar/-/angular-calendar-0.26.4.tgz",
      "integrity": "sha512-Bb1ZVE3N6moXCOOYJar1nF+ZqSdVX05HkgmnG/gRImjPsUxXnWnE2BjIjzzgQalE5LinbG2GPYNk8AhE1kah3Q==",
      "requires": {
        "angular-draggable-droppable": "^4.0.2",
        "angular-resizable-element": "^3.2.2",
        "calendar-utils": "^0.2.2",
        "positioning": "^1.4.0",
        "tslib": "^1.9.0"
      }
    },
    "angular-draggable-droppable": {
      "version": "4.0.2",
      "resolved": "https://registry.npmjs.org/angular-draggable-droppable/-/angular-draggable-droppable-4.0.2.tgz",
      "integrity": "sha512-Ch0YARWRraXy61UOdgNKvjkCbUcSgIATHtR2Yb31MHdia5y1bdrs+2UvIBUx5nIQOLIJBvPb0SEnEFZJgvEMJA==",
      "requires": {
        "tslib": "^1.9.0"
      }
    },
    "angular-resizable-element": {
      "version": "3.2.2",
      "resolved": "https://registry.npmjs.org/angular-resizable-element/-/angular-resizable-element-3.2.2.tgz",
      "integrity": "sha512-Lf3jnZMdndAdasAXRImpmFMe+I596rY2ttMPmWMW9zIp2QeyriNbr8l3VEfUJWnCW14oNsO8SHRAYUXBphm/Lw==",
      "requires": {
        "tslib": "^1.9.0"
      }
    },
    "calendar-utils": {
      "version": "0.2.3",
      "resolved": "https://registry.npmjs.org/calendar-utils/-/calendar-utils-0.2.3.tgz",
      "integrity": "sha512-wXxvJX/fdVZqrHeyxEWq5kbwALXrjifbY2L3fXvuS815cCwoWv+Uuiu0jkfqZNTtOSKaTXHdMkIhmLRqcC0E5g=="
    },
    "date-fns": {
      "version": "1.30.1",
      "resolved": "https://registry.npmjs.org/date-fns/-/date-fns-1.30.1.tgz",
      "integrity": "sha512-hBSVCvSmWC+QypYObzwGOd9wqdDpOt+0wl0KbU+R+uuZBS1jN8VsD1ss3irQDknRj5NvxiTF6oj/nDRnN/UQNw=="
    },
    "positioning": {
      "version": "1.4.0",
      "resolved": "https://registry.npmjs.org/positioning/-/positioning-1.4.0.tgz",
      "integrity": "sha512-LbN+mgAXtcDdN46xMJ3yZwjndqqYJODaO5qKmU+MVMu5tL3K2dlm1Qha/zh1k2JAFym5HDaZpnPfO4gr91VTRw=="
    },
    "tslib": {
      "version": "1.9.3",
      "resolved": "https://registry.npmjs.org/tslib/-/tslib-1.9.3.tgz",
      "integrity": "sha512-4krF8scpejhaOgqzBEcGM7yDIEfi0/8+8zDRZhNZZ2kjmHJ4hv3zCbQWxoJGz1iw5U0Jl0nma13xzHXcncMavQ=="
    }
  }
}
